
Microsoft Visual Studio Solution File, Format Version 12.00
# Visual Studio Version 17
VisualStudioVersion = 17.7.34221.43
MinimumVisualStudioVersion = 10.0.40219.1
Project("{FAE04EC0-301F-11D3-BF4B-00C04F79EFBC}") = "stringLiterals", "stringLiterals.csproj", "{4A14FCE1-6221-4C85-AC7D-B51E5E9E4517}"
EndProject
Project("{FAE04EC0-301F-11D3-BF4B-00C04F79EFBC}") = "stringLiterals_HW", "..\stringLiterals_HW\stringLiterals_HW.csproj", "{3865D88D-7852-42F0-B1B3-312369D55B82}"
EndProject
Global
	GlobalSection(SolutionConfigurationPlatforms) = preSolution
		Debug|Any CPU = Debug|Any CPU
		Release|Any CPU = Release|Any CPU
	EndGlobalSection
	GlobalSection(ProjectConfigurationPlatforms) = postSolution
		{4A14FCE1-6221-4C85-AC7D-B51E5E9E4517}.Debug|Any CPU.ActiveCfg = Debug|Any CPU
		{4A14FCE1-6221-4C85-AC7D-B51E5E9E4517}.Debug|Any CPU.Build.0 = Debug|Any CPU
		{4A14FCE1-6221-4C85-AC7D-B51E5E9E4517}.Release|Any CPU.ActiveCfg = Release|Any CPU
		{4A14FCE1-6221-4C85-AC7D-B51E5E9E4517}.Release|Any CPU.Build.0 = Release|Any CPU
		{3865D88D-7852-42F0-B1B3-312369D55B82}.Debug|Any CPU.ActiveCfg = Debug|Any CPU
		{3865D88D-7852-42F0-B1B3-312369D55B82}.Debug|Any CPU.Build.0 = Debug|Any CPU
		{3865D88D-7852-42F0-B1B3-312369D55B82}.Release|Any CPU.ActiveCfg = Release|Any CPU
		{3865D88D-7852-42F0-B1B3-312369D55B82}.Release|Any CPU.Build.0 = Release|Any CPU
	EndGlobalSection
	GlobalSection(SolutionProperties) = preSolution
		HideSolutionNode = FALSE
	EndGlobalSection
	GlobalSection(ExtensibilityGlobals) = postSolution
		SolutionGuid = {ABB5775E-3A29-4865-B925-A30844BAC725}
	EndGlobalSection
EndGlobal
