
Microsoft Visual Studio Solution File, Format Version 12.00
# Visual Studio Version 17
VisualStudioVersion = 17.7.34221.43
MinimumVisualStudioVersion = 10.0.40219.1
Project("{FAE04EC0-301F-11D3-BF4B-00C04F79EFBC}") = "ArithmeticOperatins", "ArithmeticOperatins.csproj", "{AC40F391-5BCB-4A76-A57D-5564FC1AB204}"
EndProject
Project("{FAE04EC0-301F-11D3-BF4B-00C04F79EFBC}") = "HomeWork", "..\HomeWork\HomeWork.csproj", "{17F4C4FD-0468-4D9A-A738-7C346393DCF8}"
EndProject
Global
	GlobalSection(SolutionConfigurationPlatforms) = preSolution
		Debug|Any CPU = Debug|Any CPU
		Release|Any CPU = Release|Any CPU
	EndGlobalSection
	GlobalSection(ProjectConfigurationPlatforms) = postSolution
		{AC40F391-5BCB-4A76-A57D-5564FC1AB204}.Debug|Any CPU.ActiveCfg = Debug|Any CPU
		{AC40F391-5BCB-4A76-A57D-5564FC1AB204}.Debug|Any CPU.Build.0 = Debug|Any CPU
		{AC40F391-5BCB-4A76-A57D-5564FC1AB204}.Release|Any CPU.ActiveCfg = Release|Any CPU
		{AC40F391-5BCB-4A76-A57D-5564FC1AB204}.Release|Any CPU.Build.0 = Release|Any CPU
		{17F4C4FD-0468-4D9A-A738-7C346393DCF8}.Debug|Any CPU.ActiveCfg = Debug|Any CPU
		{17F4C4FD-0468-4D9A-A738-7C346393DCF8}.Debug|Any CPU.Build.0 = Debug|Any CPU
		{17F4C4FD-0468-4D9A-A738-7C346393DCF8}.Release|Any CPU.ActiveCfg = Release|Any CPU
		{17F4C4FD-0468-4D9A-A738-7C346393DCF8}.Release|Any CPU.Build.0 = Release|Any CPU
	EndGlobalSection
	GlobalSection(SolutionProperties) = preSolution
		HideSolutionNode = FALSE
	EndGlobalSection
	GlobalSection(ExtensibilityGlobals) = postSolution
		SolutionGuid = {F1F80CF0-6D03-4A0D-9033-577E13372C20}
	EndGlobalSection
EndGlobal
